
Microsoft Visual Studio Solution File, Format Version 12.00
# Visual Studio Version 17
VisualStudioVersion = 17.1.32319.34
MinimumVisualStudioVersion = 10.0.40219.1
Project("{FAE04EC0-301F-11D3-BF4B-00C04F79EFBC}") = "TaskRubicon", "TaskRubicon\TaskRubicon.csproj", "{EF4CCA08-093F-42E4-9745-656C9377546A}"
EndProject
Global
	GlobalSection(SolutionConfigurationPlatforms) = preSolution
		Debug|Any CPU = Debug|Any CPU
		Release|Any CPU = Release|Any CPU
	EndGlobalSection
	GlobalSection(ProjectConfigurationPlatforms) = postSolution
		{EF4CCA08-093F-42E4-9745-656C9377546A}.Debug|Any CPU.ActiveCfg = Debug|Any CPU
		{EF4CCA08-093F-42E4-9745-656C9377546A}.Debug|Any CPU.Build.0 = Debug|Any CPU
		{EF4CCA08-093F-42E4-9745-656C9377546A}.Release|Any CPU.ActiveCfg = Release|Any CPU
		{EF4CCA08-093F-42E4-9745-656C9377546A}.Release|Any CPU.Build.0 = Release|Any CPU
	EndGlobalSection
	GlobalSection(SolutionProperties) = preSolution
		HideSolutionNode = FALSE
	EndGlobalSection
	GlobalSection(ExtensibilityGlobals) = postSolution
		SolutionGuid = {BBCF0120-D40A-4E93-B897-954946AA0584}
	EndGlobalSection
EndGlobal
